
Microsoft Visual Studio Solution File, Format Version 12.00
# Visual Studio Version 16
VisualStudioVersion = 16.0.28803.452
MinimumVisualStudioVersion = 10.0.40219.1
Project("{FAE04EC0-301F-11D3-BF4B-00C04F79EFBC}") = "Lesson4_2d_t943", "Lesson4_2d_t943.csproj", "{3E0D6C71-53A4-4BDF-B149-8750F79D802D}"
EndProject
Global
	GlobalSection(SolutionConfigurationPlatforms) = preSolution
		Debug|Any CPU = Debug|Any CPU
		Release|Any CPU = Release|Any CPU
	EndGlobalSection
	GlobalSection(ProjectConfigurationPlatforms) = postSolution
		{3E0D6C71-53A4-4BDF-B149-8750F79D802D}.Debug|Any CPU.ActiveCfg = Debug|Any CPU
		{3E0D6C71-53A4-4BDF-B149-8750F79D802D}.Debug|Any CPU.Build.0 = Debug|Any CPU
		{3E0D6C71-53A4-4BDF-B149-8750F79D802D}.Release|Any CPU.ActiveCfg = Release|Any CPU
		{3E0D6C71-53A4-4BDF-B149-8750F79D802D}.Release|Any CPU.Build.0 = Release|Any CPU
	EndGlobalSection
	GlobalSection(SolutionProperties) = preSolution
		HideSolutionNode = FALSE
	EndGlobalSection
	GlobalSection(ExtensibilityGlobals) = postSolution
		SolutionGuid = {CF3B5909-455E-4CD0-AD0C-450675621AF2}
	EndGlobalSection
EndGlobal
